PODS:
  - audioplayers_darwin (0.0.1):
    - Flutter
    - FlutterMacOS
  - Flutter (1.0.0)
  - flutter_background_service_ios (0.0.3):
    - Flutter
  - flutter_local_notifications (0.0.1):
    - Flutter
  - path_provider_foundation (0.0.1):
    - Flutter
    - FlutterMacOS
  - shared_preferences_foundation (0.0.1):
    - Flutter
    - FlutterMacOS
  - sqflite_darwin (0.0.4):
    - Flutter
    - FlutterMacOS

DEPENDENCIES:
  - audioplayers_darwin (from `.symlinks/plugins/audioplayers_darwin/darwin`)
  - Flutter (from `Flutter`)
  - flutter_background_service_ios (from `.symlinks/plugins/flutter_background_service_ios/ios`)
  - flutter_local_notifications (from `.symlinks/plugins/flutter_local_notifications/ios`)
  - path_provider_foundation (from `.symlinks/plugins/path_provider_foundation/darwin`)
  - shared_preferences_foundation (from `.symlinks/plugins/shared_preferences_foundation/darwin`)
  - sqflite_darwin (from `.symlinks/plugins/sqflite_darwin/darwin`)

EXTERNAL SOURCES:
  audioplayers_darwin:
    :path: ".symlinks/plugins/audioplayers_darwin/darwin"
  Flutter:
    :path: Flutter
  flutter_background_service_ios:
    :path: ".symlinks/plugins/flutter_background_service_ios/ios"
  flutter_local_notifications:
    :path: ".symlinks/plugins/flutter_local_notifications/ios"
  path_provider_foundation:
    :path: ".symlinks/plugins/path_provider_foundation/darwin"
  shared_preferences_foundation:
    :path: ".symlinks/plugins/shared_preferences_foundation/darwin"
  sqflite_darwin:
    :path: ".symlinks/plugins/sqflite_darwin/darwin"

SPEC CHECKSUMS:
  audioplayers_darwin: 4f9ca89d92d3d21cec7ec580e78ca888e5fb68bd
  Flutter: cabc95a1d2626b1b06e7179b784ebcf0c0cde467
  flutter_background_service_ios: 00d31bdff7b4bfe06d32375df358abe0329cf87e
  flutter_local_notifications: a5a732f069baa862e728d839dd2ebb904737effb
  path_provider_foundation: bb55f6dbba17d0dccd6737fe6f7f34fbd0376880
  shared_preferences_foundation: 7036424c3d8ec98dfe75ff1667cb0cd531ec82bb
  sqflite_darwin: 20b2a3a3b70e43edae938624ce550a3cbf66a3d0

PODFILE CHECKSUM: 1849596bfb2d89f9dcbe11448dfd654551944b2b

COCOAPODS: 1.16.2
